
Microsoft Visual Studio Solution File, Format Version 12.00
# Visual Studio Version 17
VisualStudioVersion = 17.9.34607.119
MinimumVisualStudioVersion = 10.0.40219.1
Project("{8BC9CEB8-8B4A-11D0-8D11-00A0C91BC942}") = "TestProjectPV311", "TestProjectPV311\TestProjectPV311.vcxproj", "{593CFDA1-891C-4FA0-BEB9-1770059F570B}"
EndProject
Global
	GlobalSection(SolutionConfigurationPlatforms) = preSolution
		Debug|ARM64 = Debug|ARM64
		Debug|x64 = Debug|x64
		Debug|x86 = Debug|x86
		Release|ARM64 = Release|ARM64
		Release|x64 = Release|x64
		Release|x86 = Release|x86
	EndGlobalSection
	GlobalSection(ProjectConfigurationPlatforms) = postSolution
		{593CFDA1-891C-4FA0-BEB9-1770059F570B}.Debug|ARM64.ActiveCfg = Debug|ARM64
		{593CFDA1-891C-4FA0-BEB9-1770059F570B}.Debug|ARM64.Build.0 = Debug|ARM64
		{593CFDA1-891C-4FA0-BEB9-1770059F570B}.Debug|x64.ActiveCfg = Debug|x64
		{593CFDA1-891C-4FA0-BEB9-1770059F570B}.Debug|x64.Build.0 = Debug|x64
		{593CFDA1-891C-4FA0-BEB9-1770059F570B}.Debug|x86.ActiveCfg = Debug|Win32
		{593CFDA1-891C-4FA0-BEB9-1770059F570B}.Debug|x86.Build.0 = Debug|Win32
		{593CFDA1-891C-4FA0-BEB9-1770059F570B}.Release|ARM64.ActiveCfg = Release|ARM64
		{593CFDA1-891C-4FA0-BEB9-1770059F570B}.Release|ARM64.Build.0 = Release|ARM64
		{593CFDA1-891C-4FA0-BEB9-1770059F570B}.Release|x64.ActiveCfg = Release|x64
		{593CFDA1-891C-4FA0-BEB9-1770059F570B}.Release|x64.Build.0 = Release|x64
		{593CFDA1-891C-4FA0-BEB9-1770059F570B}.Release|x86.ActiveCfg = Release|Win32
		{593CFDA1-891C-4FA0-BEB9-1770059F570B}.Release|x86.Build.0 = Release|Win32
	EndGlobalSection
	GlobalSection(SolutionProperties) = preSolution
		HideSolutionNode = FALSE
	EndGlobalSection
	GlobalSection(ExtensibilityGlobals) = postSolution
		SolutionGuid = {9DBC77D8-FB71-4C3F-9657-F069709AE6AF}
	EndGlobalSection
EndGlobal
